
Microsoft Visual Studio Solution File, Format Version 12.00
# Visual Studio Version 17
VisualStudioVersion = 17.6.33815.320
MinimumVisualStudioVersion = 10.0.40219.1
Project("{FAE04EC0-301F-11D3-BF4B-00C04F79EFBC}") = "Khai demo", "Khai demo\Khai demo.csproj", "{AC187C62-0FC3-453E-A302-4CDAF1042CD1}"
EndProject
Global
	GlobalSection(SolutionConfigurationPlatforms) = preSolution
		Debug|Any CPU = Debug|Any CPU
		Release|Any CPU = Release|Any CPU
	EndGlobalSection
	GlobalSection(ProjectConfigurationPlatforms) = postSolution
		{AC187C62-0FC3-453E-A302-4CDAF1042CD1}.Debug|Any CPU.ActiveCfg = Debug|Any CPU
		{AC187C62-0FC3-453E-A302-4CDAF1042CD1}.Debug|Any CPU.Build.0 = Debug|Any CPU
		{AC187C62-0FC3-453E-A302-4CDAF1042CD1}.Release|Any CPU.ActiveCfg = Release|Any CPU
		{AC187C62-0FC3-453E-A302-4CDAF1042CD1}.Release|Any CPU.Build.0 = Release|Any CPU
	EndGlobalSection
	GlobalSection(SolutionProperties) = preSolution
		HideSolutionNode = FALSE
	EndGlobalSection
	GlobalSection(ExtensibilityGlobals) = postSolution
		SolutionGuid = {64967D75-3B9C-425B-B88F-A88D8088525D}
	EndGlobalSection
EndGlobal
